# This file was autogenerated by Stack.
# You should not edit this file by hand.
# For more information, please see the documentation at:
#   https://docs.haskellstack.org/en/stable/lock_files

packages: []
snapshots:
- completed:
    size: 491682
    url: https://raw.githubusercontent.com/commercialhaskell/stackage-snapshots/master/nightly/2019/2/20.yaml
    sha256: a1ffaa7f402818beba61bf39acdc074937b57bbd3fefd09400444771f5f3a318
  original: nightly-2019-02-20
